// !$*UTF8*$!
{
	archiveVersion = 1;
	classes = {
	};
	objectVersion = 50;
	objects = {

/* Begin PBXBuildFile section */
		026ACC9F2253DA8100C296F8 /* GoogleService-Info.plist in Resources */ = {isa = PBXBuildFile; fileRef = 026ACC9E2253DA8100C296F8 /* GoogleService-Info.plist */; };
		028B809E22527582001D270E /* LoginController.swift in Sources */ = {isa = PBXBuildFile; fileRef = 028B809D22527582001D270E /* LoginController.swift */; };
		02C96EBC2252726600D67776 /* AppDelegate.swift in Sources */ = {isa = PBXBuildFile; fileRef = 02C96EBB2252726600D67776 /* AppDelegate.swift */; };
		02C96EBE2252726600D67776 /* ViewController.swift in Sources */ = {isa = PBXBuildFile; fileRef = 02C96EBD2252726600D67776 /* ViewController.swift */; };
		02C96EC12252726600D67776 /* Main.storyboard in Resources */ = {isa = PBXBuildFile; fileRef = 02C96EBF2252726600D67776 /* Main.storyboard */; };
		02C96EC32252726800D67776 /* Assets.xcassets in Resources */ = {isa = PBXBuildFile; fileRef = 02C96EC22252726800D67776 /* Assets.xcassets */; };
		02C96EC62252726800D67776 /* LaunchScreen.storyboard in Resources */ = {isa = PBXBuildFile; fileRef = 02C96EC42252726800D67776 /* LaunchScreen.storyboard */; };
		7CC277E0300D37096359E624 /* Pods_GameOfChance.framework in Frameworks */ = {isa = PBXBuildFile; fileRef = 3B28CC240D1C9186B4E05B03 /* Pods_GameOfChance.framework */; };
/* End PBXBuildFile section */

/* Begin PBXFileReference section */
		026ACC9E2253DA8100C296F8 /* GoogleService-Info.plist */ = {isa = PBXFileReference; fileEncoding = 4; lastKnownFileType = text.plist.xml; path = "GoogleService-Info.plist"; sourceTree = "<group>"; };
		028B809D22527582001D270E /* LoginController.swift */ = {isa = PBXFileReference; lastKnownFileType = sourcecode.swift; path = LoginController.swift; sourceTree = "<group>"; };
		02C96EB82252726600D67776 /* GameOfChance.app */ = {isa = PBXFileReference; explicitFileType = wrapper.application; includeInIndex = 0; path = GameOfChance.app; sourceTree = BUILT_PRODUCTS_DIR; };
		02C96EBB2252726600D67776 /* AppDelegate.swift */ = {isa = PBXFileReference; lastKnownFileType = sourcecode.swift; path = AppDelegate.swift; sourceTree = "<group>"; };
		02C96EBD2252726600D67776 /* ViewController.swift */ = {isa = PBXFileReference; lastKnownFileType = sourcecode.swift; path = ViewController.swift; sourceTree = "<group>"; };
		02C96EC02252726600D67776 /* Base */ = {isa = PBXFileReference; lastKnownFileType = file.storyboard; name = Base; path = Base.lproj/Main.storyboard; sourceTree = "<group>"; };
		02C96EC22252726800D67776 /* Assets.xcassets */ = {isa = PBXFileReference; lastKnownFileType = folder.assetcatalog; path = Assets.xcassets; sourceTree = "<group>"; };
		02C96EC52252726800D67776 /* Base */ = {isa = PBXFileReference; lastKnownFileType = file.storyboard; name = Base; path = Base.lproj/LaunchScreen.storyboard; sourceTree = "<group>"; };
		02C96EC72252726800D67776 /* Info.plist */ = {isa = PBXFileReference; lastKnownFileType = text.plist.xml; path = Info.plist; sourceTree = "<group>"; };
		06244F75BC2DA9BD178EA27B /* Pods-GameOfChance.release.xcconfig */ = {isa = PBXFileReference; includeInIndex = 1; lastKnownFileType = text.xcconfig; name = "Pods-GameOfChance.release.xcconfig"; path = "Target Support Files/Pods-GameOfChance/Pods-GameOfChance.release.xcconfig"; sourceTree = "<group>"; };
		3B28CC240D1C9186B4E05B03 /* Pods_GameOfChance.framework */ = {isa = PBXFileReference; explicitFileType = wrapper.framework; includeInIndex = 0; path = Pods_GameOfChance.framework; sourceTree = BUILT_PRODUCTS_DIR; };
		64A43130DF9D3A2E4341E249 /* Pods-GameOfChance.debug.xcconfig */ = {isa = PBXFileReference; includeInIndex = 1; lastKnownFileType = text.xcconfig; name = "Pods-GameOfChance.debug.xcconfig"; path = "Target Support Files/Pods-GameOfChance/Pods-GameOfChance.debug.xcconfig"; sourceTree = "<group>"; };
/* End PBXFileReference section */

/* Begin PBXFrameworksBuildPhase section */
		02C96EB52252726600D67776 /* Frameworks */ = {
			isa = PBXFrameworksBuildPhase;
			buildActionMask = 2147483647;
			files = (
				7CC277E0300D37096359E624 /* Pods_GameOfChance.framework in Frameworks */,
			);
			runOnlyForDeploymentPostprocessing = 0;
		};
/* End PBXFrameworksBuildPhase section */

/* Begin PBXGroup section */
		028B809C22527554001D270E /* Controller */ = {
			isa = PBXGroup;
			children = (
				028B809D22527582001D270E /* LoginController.swift */,
			);
			path = Controller;
			sourceTree = "<group>";
		};
		02C96EAF2252726500D67776 = {
			isa = PBXGroup;
			children = (
				02C96EBA2252726600D67776 /* GameOfChance */,
				02C96EB92252726600D67776 /* Products */,
				C745FFAC6E783C86F92B5449 /* Pods */,
				1BC941B64408416049C414DF /* Frameworks */,
			);
			sourceTree = "<group>";
		};
		02C96EB92252726600D67776 /* Products */ = {
			isa = PBXGroup;
			children = (
				02C96EB82252726600D67776 /* GameOfChance.app */,
			);
			name = Products;
			sourceTree = "<group>";
		};
		02C96EBA2252726600D67776 /* GameOfChance */ = {
			isa = PBXGroup;
			children = (
				028B809C22527554001D270E /* Controller */,
				02C96EBB2252726600D67776 /* AppDelegate.swift */,
				02C96EBD2252726600D67776 /* ViewController.swift */,
				02C96EBF2252726600D67776 /* Main.storyboard */,
				02C96EC22252726800D67776 /* Assets.xcassets */,
				02C96EC42252726800D67776 /* LaunchScreen.storyboard */,
				02C96EC72252726800D67776 /* Info.plist */,
				026ACC9E2253DA8100C296F8 /* GoogleService-Info.plist */,
			);
			path = GameOfChance;
			sourceTree = "<group>";
		};
		1BC941B64408416049C414DF /* Frameworks */ = {
			isa = PBXGroup;
			children = (
				3B28CC240D1C9186B4E05B03 /* Pods_GameOfChance.framework */,
			);
			name = Frameworks;
			sourceTree = "<group>";
		};
		C745FFAC6E783C86F92B5449 /* Pods */ = {
			isa = PBXGroup;
			children = (
				64A43130DF9D3A2E4341E249 /* Pods-GameOfChance.debug.xcconfig */,
				06244F75BC2DA9BD178EA27B /* Pods-GameOfChance.release.xcconfig */,
			);
			name = Pods;
			path = Pods;
			sourceTree = "<group>";
		};
/* End PBXGroup section */

/* Begin PBXNativeTarget section */
		02C96EB72252726600D67776 /* GameOfChance */ = {
			isa = PBXNativeTarget;
			buildConfigurationList = 02C96ECA2252726800D67776 /* Build configuration list for PBXNativeTarget "GameOfChance" */;
			buildPhases = (
				D540400E5B1D276CE2830809 /* [CP] Check Pods Manifest.lock */,
				02C96EB42252726600D67776 /* Sources */,
				02C96EB52252726600D67776 /* Frameworks */,
				02C96EB62252726600D67776 /* Resources */,
				88367DDCADD245A3D268B3C6 /* [CP] Embed Pods Frameworks */,
			);
			buildRules = (
			);
			dependencies = (
			);
			name = GameOfChance;
			productName = GameOfChance;
			productReference = 02C96EB82252726600D67776 /* GameOfChance.app */;
			productType = "com.apple.product-type.application";
		};
/* End PBXNativeTarget section */

/* Begin PBXProject section */
		02C96EB02252726500D67776 /* Project object */ = {
			isa = PBXProject;
			attributes = {
				LastSwiftUpdateCheck = 1010;
				LastUpgradeCheck = 1010;
				ORGANIZATIONNAME = Diana;
				TargetAttributes = {
					02C96EB72252726600D67776 = {
						CreatedOnToolsVersion = 10.1;
					};
				};
			};
			buildConfigurationList = 02C96EB32252726500D67776 /* Build configuration list for PBXProject "GameOfChance" */;
			compatibilityVersion = "Xcode 9.3";
			developmentRegion = en;
			hasScannedForEncodings = 0;
			knownRegions = (
				en,
				Base,
			);
			mainGroup = 02C96EAF2252726500D67776;
			productRefGroup = 02C96EB92252726600D67776 /* Products */;
			projectDirPath = "";
			projectRoot = "";
			targets = (
				02C96EB72252726600D67776 /* GameOfChance */,
			);
		};
/* End PBXProject section */

/* Begin PBXResourcesBuildPhase section */
		02C96EB62252726600D67776 /* Resources */ = {
			isa = PBXResourcesBuildPhase;
			buildActionMask = 2147483647;
			files = (
				02C96EC62252726800D67776 /* LaunchScreen.storyboard in Resources */,
				026ACC9F2253DA8100C296F8 /* GoogleService-Info.plist in Resources */,
				02C96EC32252726800D67776 /* Assets.xcassets in Resources */,
				02C96EC12252726600D67776 /* Main.storyboard in Resources */,
			);
			runOnlyForDeploymentPostprocessing = 0;
		};
/* End PBXResourcesBuildPhase section */

/* Begin PBXShellScriptBuildPhase section */
		88367DDCADD245A3D268B3C6 /* [CP] Embed Pods Frameworks */ = {
			isa = PBXShellScriptBuildPhase;
			buildActionMask = 2147483647;
			files = (
			);
			inputFileListPaths = (
			);
			inputPaths = (
				"${PODS_ROOT}/Target Support Files/Pods-GameOfChance/Pods-GameOfChance-frameworks.sh",
				"${BUILT_PRODUCTS_DIR}/GTMSessionFetcher/GTMSessionFetcher.framework",
				"${BUILT_PRODUCTS_DIR}/GoogleUtilities/GoogleUtilities.framework",
				"${BUILT_PRODUCTS_DIR}/leveldb-library/leveldb.framework",
				"${BUILT_PRODUCTS_DIR}/nanopb/nanopb.framework",
			);
			name = "[CP] Embed Pods Frameworks";
			outputFileListPaths = (
			);
			outputPaths = (
				"${TARGET_BUILD_DIR}/${FRAMEWORKS_FOLDER_PATH}/GTMSessionFetcher.framework",
				"${TARGET_BUILD_DIR}/${FRAMEWORKS_FOLDER_PATH}/GoogleUtilities.framework",
				"${TARGET_BUILD_DIR}/${FRAMEWORKS_FOLDER_PATH}/leveldb.framework",
				"${TARGET_BUILD_DIR}/${FRAMEWORKS_FOLDER_PATH}/nanopb.framework",
			);
			runOnlyForDeploymentPostprocessing = 0;
			shellPath = /bin/sh;
			shellScript = "\"${PODS_ROOT}/Target Support Files/Pods-GameOfChance/Pods-GameOfChance-frameworks.sh\"\n";
			showEnvVarsInLog = 0;
		};
		D540400E5B1D276CE2830809 /* [CP] Check Pods Manifest.lock */ = {
			isa = PBXShellScriptBuildPhase;
			buildActionMask = 2147483647;
			files = (
			);
			inputFileListPaths = (
			);
			inputPaths = (
				"${PODS_PODFILE_DIR_PATH}/Podfile.lock",
				"${PODS_ROOT}/Manifest.lock",
			);
			name = "[CP] Check Pods Manifest.lock";
			outputFileListPaths = (
			);
			outputPaths = (
				"$(DERIVED_FILE_DIR)/Pods-GameOfChance-checkManifestLockResult.txt",
			);
			runOnlyForDeploymentPostprocessing = 0;
			shellPath = /bin/sh;
			shellScript = "diff \"${PODS_PODFILE_DIR_PATH}/Podfile.lock\" \"${PODS_ROOT}/Manifest.lock\" > /dev/null\nif [ $? != 0 ] ; then\n    # print error to STDERR\n    echo \"error: The sandbox is not in sync with the Podfile.lock. Run 'pod install' or update your CocoaPods installation.\" >&2\n    exit 1\nfi\n# This output is used by Xcode 'outputs' to avoid re-running this script phase.\necho \"SUCCESS\" > \"${SCRIPT_OUTPUT_FILE_0}\"\n";
			showEnvVarsInLog = 0;
		};
/* End PBXShellScriptBuildPhase section */

/* Begin PBXSourcesBuildPhase section */
		02C96EB42252726600D67776 /* Sources */ = {
			isa = PBXSourcesBuildPhase;
			buildActionMask = 2147483647;
			files = (
				02C96EBE2252726600D67776 /* ViewController.swift in Sources */,
				028B809E22527582001D270E /* LoginController.swift in Sources */,
				02C96EBC2252726600D67776 /* AppDelegate.swift in Sources */,
			);
			runOnlyForDeploymentPostprocessing = 0;
		};
/* End PBXSourcesBuildPhase section */

/* Begin PBXVariantGroup section */
		02C96EBF2252726600D67776 /* Main.storyboard */ = {
			isa = PBXVariantGroup;
			children = (
				02C96EC02252726600D67776 /* Base */,
			);
			name = Main.storyboard;
			sourceTree = "<group>";
		};
		02C96EC42252726800D67776 /* LaunchScreen.storyboard */ = {
			isa = PBXVariantGroup;
			children = (
				02C96EC52252726800D67776 /* Base */,
			);
			name = LaunchScreen.storyboard;
			sourceTree = "<group>";
		};
/* End PBXVariantGroup section */

/* Begin XCBuildConfiguration section */
		02C96EC82252726800D67776 /* Debug */ = {
			isa = XCBuildConfiguration;
			buildSettings = {
				ALWAYS_SEARCH_USER_PATHS = NO;
				CLANG_ANALYZER_NONNULL = YES;
				CLANG_ANALYZER_NUMBER_OBJECT_CONVERSION = YES_AGGRESSIVE;
				CLANG_CXX_LANGUAGE_STANDARD = "gnu++14";
				CLANG_CXX_LIBRARY = "libc++";
				CLANG_ENABLE_MODULES = YES;
				CLANG_ENABLE_OBJC_ARC = YES;
				CLANG_ENABLE_OBJC_WEAK = YES;
				CLANG_WARN_BLOCK_CAPTURE_AUTORELEASING = YES;
				CLANG_WARN_BOOL_CONVERSION = YES;
				CLANG_WARN_COMMA = YES;
				CLANG_WARN_CONSTANT_CONVERSION = YES;
				CLANG_WARN_DEPRECATED_OBJC_IMPLEMENTATIONS = YES;
				CLANG_WARN_DIRECT_OBJC_ISA_USAGE = YES_ERROR;
				CLANG_WARN_DOCUMENTATION_COMMENTS = YES;
				CLANG_WARN_EMPTY_BODY = YES;
				CLANG_WARN_ENUM_CONVERSION = YES;
				CLANG_WARN_INFINITE_RECURSION = YES;
				CLANG_WARN_INT_CONVERSION = YES;
				CLANG_WARN_NON_LITERAL_NULL_CONVERSION = YES;
				CLANG_WARN_OBJC_IMPLICIT_RETAIN_SELF = YES;
				CLANG_WARN_OBJC_LITERAL_CONVERSION = YES;
				CLANG_WARN_OBJC_ROOT_CLASS = YES_ERROR;
				CLANG_WARN_RANGE_LOOP_ANALYSIS = YES;
				CLANG_WARN_STRICT_PROTOTYPES = YES;
				CLANG_WARN_SUSPICIOUS_MOVE = YES;
				CLANG_WARN_UNGUARDED_AVAILABILITY = YES_AGGRESSIVE;
				CLANG_WARN_UNREACHABLE_CODE = YES;
				CLANG_WARN__DUPLICATE_METHOD_MATCH = YES;
				CODE_SIGN_IDENTITY = "iPhone Developer";
				COPY_PHASE_STRIP = NO;
				DEBUG_INFORMATION_FORMAT = dwarf;
				ENABLE_STRICT_OBJC_MSGSEND = YES;
				ENABLE_TESTABILITY = YES;
				GCC_C_LANGUAGE_STANDARD = gnu11;
				GCC_DYNAMIC_NO_PIC = NO;
				GCC_NO_COMMON_BLOCKS = YES;
				GCC_OPTIMIZATION_LEVEL = 0;
				GCC_PREPROCESSOR_DEFINITIONS = (
					"DEBUG=1",
					"$(inherited)",
				);
				GCC_WARN_64_TO_32_BIT_CONVERSION = YES;
				GCC_WARN_ABOUT_RETURN_TYPE = YES_ERROR;
				GCC_WARN_UNDECLARED_SELECTOR = YES;
				GCC_WARN_UNINITIALIZED_AUTOS = YES_AGGRESSIVE;
				GCC_WARN_UNUSED_FUNCTION = YES;
				GCC_WARN_UNUSED_VARIABLE = YES;
				IPHONEOS_DEPLOYMENT_TARGET = 12.1;
				MTL_ENABLE_DEBUG_INFO = INCLUDE_SOURCE;
				MTL_FAST_MATH = YES;
				ONLY_ACTIVE_ARCH = YES;
				SDKROOT = iphoneos;
				SWIFT_ACTIVE_COMPILATION_CONDITIONS = DEBUG;
				SWIFT_OPTIMIZATION_LEVEL = "-Onone";
			};
			name = Debug;
		};
		02C96EC92252726800D67776 /* Release */ = {
			isa = XCBuildConfiguration;
			buildSettings = {
				ALWAYS_SEARCH_USER_PATHS = NO;
				CLANG_ANALYZER_NONNULL = YES;
				CLANG_ANALYZER_NUMBER_OBJECT_CONVERSION = YES_AGGRESSIVE;
				CLANG_CXX_LANGUAGE_STANDARD = "gnu++14";
				CLANG_CXX_LIBRARY = "libc++";
				CLANG_ENABLE_MODULES = YES;
				CLANG_ENABLE_OBJC_ARC = YES;
				CLANG_ENABLE_OBJC_WEAK = YES;
				CLANG_WARN_BLOCK_CAPTURE_AUTORELEASING = YES;
				CLANG_WARN_BOOL_CONVERSION = YES;
				CLANG_WARN_COMMA = YES;
				CLANG_WARN_CONSTANT_CONVERSION = YES;
				CLANG_WARN_DEPRECATED_OBJC_IMPLEMENTATIONS = YES;
				CLANG_WARN_DIRECT_OBJC_ISA_USAGE = YES_ERROR;
				CLANG_WARN_DOCUMENTATION_COMMENTS = YES;
				CLANG_WARN_EMPTY_BODY = YES;
				CLANG_WARN_ENUM_CONVERSION = YES;
				CLANG_WARN_INFINITE_RECURSION = YES;
				CLANG_WARN_INT_CONVERSION = YES;
				CLANG_WARN_NON_LITERAL_NULL_CONVERSION = YES;
				CLANG_WARN_OBJC_IMPLICIT_RETAIN_SELF = YES;
				CLANG_WARN_OBJC_LITERAL_CONVERSION = YES;
				CLANG_WARN_OBJC_ROOT_CLASS = YES_ERROR;
				CLANG_WARN_RANGE_LOOP_ANALYSIS = YES;
				CLANG_WARN_STRICT_PROTOTYPES = YES;
				CLANG_WARN_SUSPICIOUS_MOVE = YES;
				CLANG_WARN_UNGUARDED_AVAILABILITY = YES_AGGRESSIVE;
				CLANG_WARN_UNREACHABLE_CODE = YES;
				CLANG_WARN__DUPLICATE_METHOD_MATCH = YES;
				CODE_SIGN_IDENTITY = "iPhone Developer";
				COPY_PHASE_STRIP = NO;
				DEBUG_INFORMATION_FORMAT = "dwarf-with-dsym";
				ENABLE_NS_ASSERTIONS = NO;
				ENABLE_STRICT_OBJC_MSGSEND = YES;
				GCC_C_LANGUAGE_STANDARD = gnu11;
				GCC_NO_COMMON_BLOCKS = YES;
				GCC_WARN_64_TO_32_BIT_CONVERSION = YES;
				GCC_WARN_ABOUT_RETURN_TYPE = YES_ERROR;
				GCC_WARN_UNDECLARED_SELECTOR = YES;
				GCC_WARN_UNINITIALIZED_AUTOS = YES_AGGRESSIVE;
				GCC_WARN_UNUSED_FUNCTION = YES;
				GCC_WARN_UNUSED_VARIABLE = YES;
				IPHONEOS_DEPLOYMENT_TARGET = 12.1;
				MTL_ENABLE_DEBUG_INFO = NO;
				MTL_FAST_MATH = YES;
				SDKROOT = iphoneos;
				SWIFT_COMPILATION_MODE = wholemodule;
				SWIFT_OPTIMIZATION_LEVEL = "-O";
				VALIDATE_PRODUCT = YES;
			};
			name = Release;
		};
		02C96ECB2252726800D67776 /* Debug */ = {
			isa = XCBuildConfiguration;
			baseConfigurationReference = 64A43130DF9D3A2E4341E249 /* Pods-GameOfChance.debug.xcconfig */;
			buildSettings = {
				ASSETCATALOG_COMPILER_APPICON_NAME = AppIcon;
				CODE_SIGN_STYLE = Automatic;
				DEVELOPMENT_TEAM = 39ANNFUTM3;
				INFOPLIST_FILE = GameOfChance/Info.plist;
				LD_RUNPATH_SEARCH_PATHS = (
					"$(inherited)",
					"@executable_path/Frameworks",
				);
				PRODUCT_BUNDLE_IDENTIFIER = ws.GameOfChance;
				PRODUCT_NAME = "$(TARGET_NAME)";
				SWIFT_VERSION = 4.2;
				TARGETED_DEVICE_FAMILY = "1,2";
			};
			name = Debug;
		};
		02C96ECC2252726800D67776 /* Release */ = {
			isa = XCBuildConfiguration;
			baseConfigurationReference = 06244F75BC2DA9BD178EA27B /* Pods-GameOfChance.release.xcconfig */;
			buildSettings = {
				ASSETCATALOG_COMPILER_APPICON_NAME = AppIcon;
				CODE_SIGN_STYLE = Automatic;
				DEVELOPMENT_TEAM = 39ANNFUTM3;
				INFOPLIST_FILE = GameOfChance/Info.plist;
				LD_RUNPATH_SEARCH_PATHS = (
					"$(inherited)",
					"@executable_path/Frameworks",
				);
				PRODUCT_BUNDLE_IDENTIFIER = ws.GameOfChance;
				PRODUCT_NAME = "$(TARGET_NAME)";
				SWIFT_VERSION = 4.2;
				TARGETED_DEVICE_FAMILY = "1,2";
			};
			name = Release;
		};
/* End XCBuildConfiguration section */

/* Begin XCConfigurationList section */
		02C96EB32252726500D67776 /* Build configuration list for PBXProject "GameOfChance" */ = {
			isa = XCConfigurationList;
			buildConfigurations = (
				02C96EC82252726800D67776 /* Debug */,
				02C96EC92252726800D67776 /* Release */,
			);
			defaultConfigurationIsVisible = 0;
			defaultConfigurationName = Release;
		};
		02C96ECA2252726800D67776 /* Build configuration list for PBXNativeTarget "GameOfChance" */ = {
			isa = XCConfigurationList;
			buildConfigurations = (
				02C96ECB2252726800D67776 /* Debug */,
				02C96ECC2252726800D67776 /* Release */,
			);
			defaultConfigurationIsVisible = 0;
			defaultConfigurationName = Release;
		};
/* End XCConfigurationList section */
	};
	rootObject = 02C96EB02252726500D67776 /* Project object */;
}
